
Microsoft Visual Studio Solution File, Format Version 12.00
Project("{FAE04EC0-301F-11D3-BF4B-00C04F79EFBC}") = "puzzle21", "puzzle21\puzzle21.csproj", "{E305A9A1-9F4A-4D81-A9D2-E6221FD197DE}"
EndProject
Global
	GlobalSection(SolutionConfigurationPlatforms) = preSolution
		Debug|Any CPU = Debug|Any CPU
		Release|Any CPU = Release|Any CPU
	EndGlobalSection
	GlobalSection(ProjectConfigurationPlatforms) = postSolution
		{E305A9A1-9F4A-4D81-A9D2-E6221FD197DE}.Debug|Any CPU.ActiveCfg = Debug|Any CPU
		{E305A9A1-9F4A-4D81-A9D2-E6221FD197DE}.Debug|Any CPU.Build.0 = Debug|Any CPU
		{E305A9A1-9F4A-4D81-A9D2-E6221FD197DE}.Release|Any CPU.ActiveCfg = Release|Any CPU
		{E305A9A1-9F4A-4D81-A9D2-E6221FD197DE}.Release|Any CPU.Build.0 = Release|Any CPU
	EndGlobalSection
EndGlobal
