
Microsoft Visual Studio Solution File, Format Version 12.00
Project("{FAE04EC0-301F-11D3-BF4B-00C04F79EFBC}") = "puzzle", "puzzle\puzzle.csproj", "{BF4A5B8B-7737-46CC-B982-59AC9FAEFB01}"
EndProject
Global
	GlobalSection(SolutionConfigurationPlatforms) = preSolution
		Debug|Any CPU = Debug|Any CPU
		Release|Any CPU = Release|Any CPU
	EndGlobalSection
	GlobalSection(ProjectConfigurationPlatforms) = postSolution
		{BF4A5B8B-7737-46CC-B982-59AC9FAEFB01}.Debug|Any CPU.ActiveCfg = Debug|Any CPU
		{BF4A5B8B-7737-46CC-B982-59AC9FAEFB01}.Debug|Any CPU.Build.0 = Debug|Any CPU
		{BF4A5B8B-7737-46CC-B982-59AC9FAEFB01}.Release|Any CPU.ActiveCfg = Release|Any CPU
		{BF4A5B8B-7737-46CC-B982-59AC9FAEFB01}.Release|Any CPU.Build.0 = Release|Any CPU
	EndGlobalSection
EndGlobal
